// !$*UTF8*$!
{
	archiveVersion = 1;
	classes = {
	};
	objectVersion = 46;
	objects = {

/* Begin PBXBuildFile section */
		E4DABCD514AA6BAE00E27812 /* UIKit.framework in Frameworks */ = {isa = PBXBuildFile; fileRef = E4DABCD414AA6BAE00E27812 /* UIKit.framework */; };
		E4DABCD714AA6BAE00E27812 /* Foundation.framework in Frameworks */ = {isa = PBXBuildFile; fileRef = E4DABCD614AA6BAE00E27812 /* Foundation.framework */; };
		E4DABCD914AA6BAE00E27812 /* CoreGraphics.framework in Frameworks */ = {isa = PBXBuildFile; fileRef = E4DABCD814AA6BAE00E27812 /* CoreGraphics.framework */; };
		E4DABCDF14AA6BAE00E27812 /* InfoPlist.strings in Resources */ = {isa = PBXBuildFile; fileRef = E4DABCDD14AA6BAE00E27812 /* InfoPlist.strings */; };
		E4DABCE114AA6BAE00E27812 /* main.m in Sources */ = {isa = PBXBuildFile; fileRef = E4DABCE014AA6BAE00E27812 /* main.m */; };
		E4DABCE514AA6BAE00E27812 /* helloWorldAppToGitHubAppDelegate.m in Sources */ = {isa = PBXBuildFile; fileRef = E4DABCE414AA6BAE00E27812 /* helloWorldAppToGitHubAppDelegate.m */; };
		E4DABCE814AA6BAE00E27812 /* MainStoryboard_iPhone.storyboard in Resources */ = {isa = PBXBuildFile; fileRef = E4DABCE614AA6BAE00E27812 /* MainStoryboard_iPhone.storyboard */; };
		E4DABCEB14AA6BAE00E27812 /* MainStoryboard_iPad.storyboard in Resources */ = {isa = PBXBuildFile; fileRef = E4DABCE914AA6BAE00E27812 /* MainStoryboard_iPad.storyboard */; };
		E4DABCEE14AA6BAE00E27812 /* helloWorldAppToGitHubViewController.m in Sources */ = {isa = PBXBuildFile; fileRef = E4DABCED14AA6BAE00E27812 /* helloWorldAppToGitHubViewController.m */; };
/* End PBXBuildFile section */

/* Begin PBXFileReference section */
		E4DABCD014AA6BAE00E27812 /* helloWorldAppToGitHub.app */ = {isa = PBXFileReference; explicitFileType = wrapper.application; includeInIndex = 0; path = helloWorldAppToGitHub.app; sourceTree = BUILT_PRODUCTS_DIR; };
		E4DABCD414AA6BAE00E27812 /* UIKit.framework */ = {isa = PBXFileReference; lastKnownFileType = wrapper.framework; name = UIKit.framework; path = System/Library/Frameworks/UIKit.framework; sourceTree = SDKROOT; };
		E4DABCD614AA6BAE00E27812 /* Foundation.framework */ = {isa = PBXFileReference; lastKnownFileType = wrapper.framework; name = Foundation.framework; path = System/Library/Frameworks/Foundation.framework; sourceTree = SDKROOT; };
		E4DABCD814AA6BAE00E27812 /* CoreGraphics.framework */ = {isa = PBXFileReference; lastKnownFileType = wrapper.framework; name = CoreGraphics.framework; path = System/Library/Frameworks/CoreGraphics.framework; sourceTree = SDKROOT; };
		E4DABCDC14AA6BAE00E27812 /* helloWorldAppToGitHub-Info.plist */ = {isa = PBXFileReference; lastKnownFileType = text.plist.xml; path = "helloWorldAppToGitHub-Info.plist"; sourceTree = "<group>"; };
		E4DABCDE14AA6BAE00E27812 /* en */ = {isa = PBXFileReference; lastKnownFileType = text.plist.strings; name = en; path = en.lproj/InfoPlist.strings; sourceTree = "<group>"; };
		E4DABCE014AA6BAE00E27812 /* main.m */ = {isa = PBXFileReference; lastKnownFileType = sourcecode.c.objc; path = main.m; sourceTree = "<group>"; };
		E4DABCE214AA6BAE00E27812 /* helloWorldAppToGitHub-Prefix.pch */ = {isa = PBXFileReference; lastKnownFileType = sourcecode.c.h; path = "helloWorldAppToGitHub-Prefix.pch"; sourceTree = "<group>"; };
		E4DABCE314AA6BAE00E27812 /* helloWorldAppToGitHubAppDelegate.h */ = {isa = PBXFileReference; lastKnownFileType = sourcecode.c.h; path = helloWorldAppToGitHubAppDelegate.h; sourceTree = "<group>"; };
		E4DABCE414AA6BAE00E27812 /* helloWorldAppToGitHubAppDelegate.m */ = {isa = PBXFileReference; lastKnownFileType = sourcecode.c.objc; path = helloWorldAppToGitHubAppDelegate.m; sourceTree = "<group>"; };
		E4DABCE714AA6BAE00E27812 /* en */ = {isa = PBXFileReference; lastKnownFileType = file.storyboard; name = en; path = en.lproj/MainStoryboard_iPhone.storyboard; sourceTree = "<group>"; };
		E4DABCEA14AA6BAE00E27812 /* en */ = {isa = PBXFileReference; lastKnownFileType = file.storyboard; name = en; path = en.lproj/MainStoryboard_iPad.storyboard; sourceTree = "<group>"; };
		E4DABCEC14AA6BAE00E27812 /* helloWorldAppToGitHubViewController.h */ = {isa = PBXFileReference; lastKnownFileType = sourcecode.c.h; path = helloWorldAppToGitHubViewController.h; sourceTree = "<group>"; };
		E4DABCED14AA6BAE00E27812 /* helloWorldAppToGitHubViewController.m */ = {isa = PBXFileReference; lastKnownFileType = sourcecode.c.objc; path = helloWorldAppToGitHubViewController.m; sourceTree = "<group>"; };
/* End PBXFileReference section */

/* Begin PBXFrameworksBuildPhase section */
		E4DABCCD14AA6BAE00E27812 /* Frameworks */ = {
			isa = PBXFrameworksBuildPhase;
			buildActionMask = 2147483647;
			files = (
				E4DABCD514AA6BAE00E27812 /* UIKit.framework in Frameworks */,
				E4DABCD714AA6BAE00E27812 /* Foundation.framework in Frameworks */,
				E4DABCD914AA6BAE00E27812 /* CoreGraphics.framework in Frameworks */,
			);
			runOnlyForDeploymentPostprocessing = 0;
		};
/* End PBXFrameworksBuildPhase section */

/* Begin PBXGroup section */
		E4DABCC514AA6BAE00E27812 = {
			isa = PBXGroup;
			children = (
				E4DABCDA14AA6BAE00E27812 /* helloWorldAppToGitHub */,
				E4DABCD314AA6BAE00E27812 /* Frameworks */,
				E4DABCD114AA6BAE00E27812 /* Products */,
			);
			sourceTree = "<group>";
		};
		E4DABCD114AA6BAE00E27812 /* Products */ = {
			isa = PBXGroup;
			children = (
				E4DABCD014AA6BAE00E27812 /* helloWorldAppToGitHub.app */,
			);
			name = Products;
			sourceTree = "<group>";
		};
		E4DABCD314AA6BAE00E27812 /* Frameworks */ = {
			isa = PBXGroup;
			children = (
				E4DABCD414AA6BAE00E27812 /* UIKit.framework */,
				E4DABCD614AA6BAE00E27812 /* Foundation.framework */,
				E4DABCD814AA6BAE00E27812 /* CoreGraphics.framework */,
			);
			name = Frameworks;
			sourceTree = "<group>";
		};
		E4DABCDA14AA6BAE00E27812 /* helloWorldAppToGitHub */ = {
			isa = PBXGroup;
			children = (
				E4DABCE314AA6BAE00E27812 /* helloWorldAppToGitHubAppDelegate.h */,
				E4DABCE414AA6BAE00E27812 /* helloWorldAppToGitHubAppDelegate.m */,
				E4DABCE614AA6BAE00E27812 /* MainStoryboard_iPhone.storyboard */,
				E4DABCE914AA6BAE00E27812 /* MainStoryboard_iPad.storyboard */,
				E4DABCEC14AA6BAE00E27812 /* helloWorldAppToGitHubViewController.h */,
				E4DABCED14AA6BAE00E27812 /* helloWorldAppToGitHubViewController.m */,
				E4DABCDB14AA6BAE00E27812 /* Supporting Files */,
			);
			path = helloWorldAppToGitHub;
			sourceTree = "<group>";
		};
		E4DABCDB14AA6BAE00E27812 /* Supporting Files */ = {
			isa = PBXGroup;
			children = (
				E4DABCDC14AA6BAE00E27812 /* helloWorldAppToGitHub-Info.plist */,
				E4DABCDD14AA6BAE00E27812 /* InfoPlist.strings */,
				E4DABCE014AA6BAE00E27812 /* main.m */,
				E4DABCE214AA6BAE00E27812 /* helloWorldAppToGitHub-Prefix.pch */,
			);
			name = "Supporting Files";
			sourceTree = "<group>";
		};
/* End PBXGroup section */

/* Begin PBXNativeTarget section */
		E4DABCCF14AA6BAE00E27812 /* helloWorldAppToGitHub */ = {
			isa = PBXNativeTarget;
			buildConfigurationList = E4DABCF114AA6BAE00E27812 /* Build configuration list for PBXNativeTarget "helloWorldAppToGitHub" */;
			buildPhases = (
				E4DABCCC14AA6BAE00E27812 /* Sources */,
				E4DABCCD14AA6BAE00E27812 /* Frameworks */,
				E4DABCCE14AA6BAE00E27812 /* Resources */,
			);
			buildRules = (
			);
			dependencies = (
			);
			name = helloWorldAppToGitHub;
			productName = helloWorldAppToGitHub;
			productReference = E4DABCD014AA6BAE00E27812 /* helloWorldAppToGitHub.app */;
			productType = "com.apple.product-type.application";
		};
/* End PBXNativeTarget section */

/* Begin PBXProject section */
		E4DABCC714AA6BAE00E27812 /* Project object */ = {
			isa = PBXProject;
			attributes = {
				LastUpgradeCheck = 0420;
				ORGANIZATIONNAME = "University of Wisconsin-Madison";
			};
			buildConfigurationList = E4DABCCA14AA6BAE00E27812 /* Build configuration list for PBXProject "helloWorldAppToGitHub" */;
			compatibilityVersion = "Xcode 3.2";
			developmentRegion = English;
			hasScannedForEncodings = 0;
			knownRegions = (
				en,
			);
			mainGroup = E4DABCC514AA6BAE00E27812;
			productRefGroup = E4DABCD114AA6BAE00E27812 /* Products */;
			projectDirPath = "";
			projectRoot = "";
			targets = (
				E4DABCCF14AA6BAE00E27812 /* helloWorldAppToGitHub */,
			);
		};
/* End PBXProject section */

/* Begin PBXResourcesBuildPhase section */
		E4DABCCE14AA6BAE00E27812 /* Resources */ = {
			isa = PBXResourcesBuildPhase;
			buildActionMask = 2147483647;
			files = (
				E4DABCDF14AA6BAE00E27812 /* InfoPlist.strings in Resources */,
				E4DABCE814AA6BAE00E27812 /* MainStoryboard_iPhone.storyboard in Resources */,
				E4DABCEB14AA6BAE00E27812 /* MainStoryboard_iPad.storyboard in Resources */,
			);
			runOnlyForDeploymentPostprocessing = 0;
		};
/* End PBXResourcesBuildPhase section */

/* Begin PBXSourcesBuildPhase section */
		E4DABCCC14AA6BAE00E27812 /* Sources */ = {
			isa = PBXSourcesBuildPhase;
			buildActionMask = 2147483647;
			files = (
				E4DABCE114AA6BAE00E27812 /* main.m in Sources */,
				E4DABCE514AA6BAE00E27812 /* helloWorldAppToGitHubAppDelegate.m in Sources */,
				E4DABCEE14AA6BAE00E27812 /* helloWorldAppToGitHubViewController.m in Sources */,
			);
			runOnlyForDeploymentPostprocessing = 0;
		};
/* End PBXSourcesBuildPhase section */

/* Begin PBXVariantGroup section */
		E4DABCDD14AA6BAE00E27812 /* InfoPlist.strings */ = {
			isa = PBXVariantGroup;
			children = (
				E4DABCDE14AA6BAE00E27812 /* en */,
			);
			name = InfoPlist.strings;
			sourceTree = "<group>";
		};
		E4DABCE614AA6BAE00E27812 /* MainStoryboard_iPhone.storyboard */ = {
			isa = PBXVariantGroup;
			children = (
				E4DABCE714AA6BAE00E27812 /* en */,
			);
			name = MainStoryboard_iPhone.storyboard;
			sourceTree = "<group>";
		};
		E4DABCE914AA6BAE00E27812 /* MainStoryboard_iPad.storyboard */ = {
			isa = PBXVariantGroup;
			children = (
				E4DABCEA14AA6BAE00E27812 /* en */,
			);
			name = MainStoryboard_iPad.storyboard;
			sourceTree = "<group>";
		};
/* End PBXVariantGroup section */

/* Begin XCBuildConfiguration section */
		E4DABCEF14AA6BAE00E27812 /* Debug */ = {
			isa = XCBuildConfiguration;
			buildSettings = {
				ALWAYS_SEARCH_USER_PATHS = NO;
				ARCHS = "$(ARCHS_STANDARD_32_BIT)";
				CLANG_ENABLE_OBJC_ARC = YES;
				"CODE_SIGN_IDENTITY[sdk=iphoneos*]" = "iPhone Developer";
				COPY_PHASE_STRIP = NO;
				GCC_C_LANGUAGE_STANDARD = gnu99;
				GCC_DYNAMIC_NO_PIC = NO;
				GCC_OPTIMIZATION_LEVEL = 0;
				GCC_PREPROCESSOR_DEFINITIONS = (
					"DEBUG=1",
					"$(inherited)",
				);
				GCC_SYMBOLS_PRIVATE_EXTERN = NO;
				GCC_VERSION = com.apple.compilers.llvm.clang.1_0;
				GCC_WARN_ABOUT_MISSING_PROTOTYPES = YES;
				GCC_WARN_ABOUT_RETURN_TYPE = YES;
				GCC_WARN_UNUSED_VARIABLE = YES;
				IPHONEOS_DEPLOYMENT_TARGET = 5.0;
				SDKROOT = iphoneos;
				TARGETED_DEVICE_FAMILY = "1,2";
			};
			name = Debug;
		};
		E4DABCF014AA6BAE00E27812 /* Release */ = {
			isa = XCBuildConfiguration;
			buildSettings = {
				ALWAYS_SEARCH_USER_PATHS = NO;
				ARCHS = "$(ARCHS_STANDARD_32_BIT)";
				CLANG_ENABLE_OBJC_ARC = YES;
				"CODE_SIGN_IDENTITY[sdk=iphoneos*]" = "iPhone Developer";
				COPY_PHASE_STRIP = YES;
				GCC_C_LANGUAGE_STANDARD = gnu99;
				GCC_VERSION = com.apple.compilers.llvm.clang.1_0;
				GCC_WARN_ABOUT_MISSING_PROTOTYPES = YES;
				GCC_WARN_ABOUT_RETURN_TYPE = YES;
				GCC_WARN_UNUSED_VARIABLE = YES;
				IPHONEOS_DEPLOYMENT_TARGET = 5.0;
				OTHER_CFLAGS = "-DNS_BLOCK_ASSERTIONS=1";
				SDKROOT = iphoneos;
				TARGETED_DEVICE_FAMILY = "1,2";
				VALIDATE_PRODUCT = YES;
			};
			name = Release;
		};
		E4DABCF214AA6BAE00E27812 /* Debug */ = {
			isa = XCBuildConfiguration;
			buildSettings = {
				GCC_PRECOMPILE_PREFIX_HEADER = YES;
				GCC_PREFIX_HEADER = "helloWorldAppToGitHub/helloWorldAppToGitHub-Prefix.pch";
				INFOPLIST_FILE = "helloWorldAppToGitHub/helloWorldAppToGitHub-Info.plist";
				PRODUCT_NAME = "$(TARGET_NAME)";
				WRAPPER_EXTENSION = app;
			};
			name = Debug;
		};
		E4DABCF314AA6BAE00E27812 /* Release */ = {
			isa = XCBuildConfiguration;
			buildSettings = {
				GCC_PRECOMPILE_PREFIX_HEADER = YES;
				GCC_PREFIX_HEADER = "helloWorldAppToGitHub/helloWorldAppToGitHub-Prefix.pch";
				INFOPLIST_FILE = "helloWorldAppToGitHub/helloWorldAppToGitHub-Info.plist";
				PRODUCT_NAME = "$(TARGET_NAME)";
				WRAPPER_EXTENSION = app;
			};
			name = Release;
		};
/* End XCBuildConfiguration section */

/* Begin XCConfigurationList section */
		E4DABCCA14AA6BAE00E27812 /* Build configuration list for PBXProject "helloWorldAppToGitHub" */ = {
			isa = XCConfigurationList;
			buildConfigurations = (
				E4DABCEF14AA6BAE00E27812 /* Debug */,
				E4DABCF014AA6BAE00E27812 /* Release */,
			);
			defaultConfigurationIsVisible = 0;
			defaultConfigurationName = Release;
		};
		E4DABCF114AA6BAE00E27812 /* Build configuration list for PBXNativeTarget "helloWorldAppToGitHub" */ = {
			isa = XCConfigurationList;
			buildConfigurations = (
				E4DABCF214AA6BAE00E27812 /* Debug */,
				E4DABCF314AA6BAE00E27812 /* Release */,
			);
			defaultConfigurationIsVisible = 0;
		};
/* End XCConfigurationList section */
	};
	rootObject = E4DABCC714AA6BAE00E27812 /* Project object */;
}
